{
  "name": "nethook",
  "version": "0.2.1",
  "lockfileVersion": 3,
  "requires": true,
  "packages": {
    "": {
      "name": "nethook",
      "version": "0.2.1",
      "license": "MIT",
      "bin": {
        "nethook": "game/index.mjs"
      },
      "engines": {
        "node": ">=18"
      }
    }
  }
}
